
Microsoft Visual Studio Solution File, Format Version 12.00
# Visual Studio Version 17
VisualStudioVersion = 17.0.32014.148
MinimumVisualStudioVersion = 10.0.40219.1
Project("{FAE04EC0-301F-11D3-BF4B-00C04F79EFBC}") = "Задание 1", "Задание 1.csproj", "{1C53A7AF-0701-433F-8C49-90A9A6F18929}"
EndProject
Global
	GlobalSection(SolutionConfigurationPlatforms) = preSolution
		Debug|Any CPU = Debug|Any CPU
		Release|Any CPU = Release|Any CPU
	EndGlobalSection
	GlobalSection(ProjectConfigurationPlatforms) = postSolution
		{1C53A7AF-0701-433F-8C49-90A9A6F18929}.Debug|Any CPU.ActiveCfg = Debug|Any CPU
		{1C53A7AF-0701-433F-8C49-90A9A6F18929}.Debug|Any CPU.Build.0 = Debug|Any CPU
		{1C53A7AF-0701-433F-8C49-90A9A6F18929}.Release|Any CPU.ActiveCfg = Release|Any CPU
		{1C53A7AF-0701-433F-8C49-90A9A6F18929}.Release|Any CPU.Build.0 = Release|Any CPU
	EndGlobalSection
	GlobalSection(SolutionProperties) = preSolution
		HideSolutionNode = FALSE
	EndGlobalSection
	GlobalSection(ExtensibilityGlobals) = postSolution
		SolutionGuid = {AEDC2429-DBA5-48C8-97BF-5B80F707A6A6}
	EndGlobalSection
EndGlobal
