
Microsoft Visual Studio Solution File, Format Version 12.00
# Visual Studio Version 17
VisualStudioVersion = 17.0.32014.148
MinimumVisualStudioVersion = 10.0.40219.1
Project("{FAE04EC0-301F-11D3-BF4B-00C04F79EFBC}") = "Задание 2", "Задание 2.csproj", "{4660C01B-B84F-4C95-8785-B25B3B8062CF}"
EndProject
Global
	GlobalSection(SolutionConfigurationPlatforms) = preSolution
		Debug|Any CPU = Debug|Any CPU
		Release|Any CPU = Release|Any CPU
	EndGlobalSection
	GlobalSection(ProjectConfigurationPlatforms) = postSolution
		{4660C01B-B84F-4C95-8785-B25B3B8062CF}.Debug|Any CPU.ActiveCfg = Debug|Any CPU
		{4660C01B-B84F-4C95-8785-B25B3B8062CF}.Debug|Any CPU.Build.0 = Debug|Any CPU
		{4660C01B-B84F-4C95-8785-B25B3B8062CF}.Release|Any CPU.ActiveCfg = Release|Any CPU
		{4660C01B-B84F-4C95-8785-B25B3B8062CF}.Release|Any CPU.Build.0 = Release|Any CPU
	EndGlobalSection
	GlobalSection(SolutionProperties) = preSolution
		HideSolutionNode = FALSE
	EndGlobalSection
	GlobalSection(ExtensibilityGlobals) = postSolution
		SolutionGuid = {FAEA6AF5-6633-459D-8473-D6B5016118E9}
	EndGlobalSection
EndGlobal
