
Microsoft Visual Studio Solution File, Format Version 12.00
# Visual Studio Version 17
VisualStudioVersion = 17.0.32014.148
MinimumVisualStudioVersion = 10.0.40219.1
Project("{FAE04EC0-301F-11D3-BF4B-00C04F79EFBC}") = "Задание 3", "Задание 3.csproj", "{796E16BC-925A-4586-9801-159B27AF4B8D}"
EndProject
Global
	GlobalSection(SolutionConfigurationPlatforms) = preSolution
		Debug|Any CPU = Debug|Any CPU
		Release|Any CPU = Release|Any CPU
	EndGlobalSection
	GlobalSection(ProjectConfigurationPlatforms) = postSolution
		{796E16BC-925A-4586-9801-159B27AF4B8D}.Debug|Any CPU.ActiveCfg = Debug|Any CPU
		{796E16BC-925A-4586-9801-159B27AF4B8D}.Debug|Any CPU.Build.0 = Debug|Any CPU
		{796E16BC-925A-4586-9801-159B27AF4B8D}.Release|Any CPU.ActiveCfg = Release|Any CPU
		{796E16BC-925A-4586-9801-159B27AF4B8D}.Release|Any CPU.Build.0 = Release|Any CPU
	EndGlobalSection
	GlobalSection(SolutionProperties) = preSolution
		HideSolutionNode = FALSE
	EndGlobalSection
	GlobalSection(ExtensibilityGlobals) = postSolution
		SolutionGuid = {5ED435D8-0DFF-4A91-9A06-E89B24EE27D2}
	EndGlobalSection
EndGlobal
